%{
  "elixir_make": {:hex, :elixir_make, "0.4.2", "332c649d08c18bc1ecc73b1befc68c647136de4f340b548844efc796405743bf", [:mix], [], "hexpm"},
  "picam": {:hex, :picam, "0.3.0", "9795358825fc856ffed54ba12bd2edcd7826bed3a427fd1201d8998df98ee6f6", [:make, :mix], [{:elixir_make, "~> 0.4", [hex: :elixir_make, repo: "hexpm", optional: false]}], "hexpm"},
  "zbar": {:hex, :zbar, "0.1.0", "acd57cd995f24ff587c84b8baf710477b9242371ebb4de52f71f825c96f0c706", [:make, :mix], [{:elixir_make, "~> 0.4", [hex: :elixir_make, repo: "hexpm", optional: false]}], "hexpm"},
}
